
Microsoft Visual Studio Solution File, Format Version 12.00
# Visual Studio Version 17
VisualStudioVersion = 17.2.32616.157
MinimumVisualStudioVersion = 10.0.40219.1
Project("{FAE04EC0-301F-11D3-BF4B-00C04F79EFBC}") = "Saglik.Ocagi.Takip.Sistemi.C#", "Saglık_Ocagı_Hasta_Takip_Sistemi\Saglik.Ocagi.Takip.Sistemi.C#.csproj", "{CE4AA8B6-FA8B-4B3E-8C40-B066C202E6CF}"
EndProject
Global
	GlobalSection(SolutionConfigurationPlatforms) = preSolution
		Debug|Any CPU = Debug|Any CPU
		Release|Any CPU = Release|Any CPU
	EndGlobalSection
	GlobalSection(ProjectConfigurationPlatforms) = postSolution
		{CE4AA8B6-FA8B-4B3E-8C40-B066C202E6CF}.Debug|Any CPU.ActiveCfg = Debug|Any CPU
		{CE4AA8B6-FA8B-4B3E-8C40-B066C202E6CF}.Debug|Any CPU.Build.0 = Debug|Any CPU
		{CE4AA8B6-FA8B-4B3E-8C40-B066C202E6CF}.Release|Any CPU.ActiveCfg = Release|Any CPU
		{CE4AA8B6-FA8B-4B3E-8C40-B066C202E6CF}.Release|Any CPU.Build.0 = Release|Any CPU
	EndGlobalSection
	GlobalSection(SolutionProperties) = preSolution
		HideSolutionNode = FALSE
	EndGlobalSection
	GlobalSection(ExtensibilityGlobals) = postSolution
		SolutionGuid = {DAD376C5-554B-48E8-86D2-7D90E2335818}
	EndGlobalSection
EndGlobal
